
Microsoft Visual Studio Solution File, Format Version 12.00
# Visual Studio 2013
VisualStudioVersion = 12.0.30501.0
MinimumVisualStudioVersion = 10.0.40219.1
Project("{FAE04EC0-301F-11D3-BF4B-00C04F79EFBC}") = "DevelopmentTools", "DevelopmentTools\DevelopmentTools.csproj", "{B13DEFD0-A90A-406E-A42D-368DA335859D}"
EndProject
Project("{FAE04EC0-301F-11D3-BF4B-00C04F79EFBC}") = "Template", "Template\Template.csproj", "{A6F18A13-961F-417C-8C13-5F2B23E36B26}"
EndProject
Global
	GlobalSection(SolutionConfigurationPlatforms) = preSolution
		Debug|Any CPU = Debug|Any CPU
		Release|Any CPU = Release|Any CPU
	EndGlobalSection
	GlobalSection(ProjectConfigurationPlatforms) = postSolution
		{B13DEFD0-A90A-406E-A42D-368DA335859D}.Debug|Any CPU.ActiveCfg = Debug|Any CPU
		{B13DEFD0-A90A-406E-A42D-368DA335859D}.Debug|Any CPU.Build.0 = Debug|Any CPU
		{B13DEFD0-A90A-406E-A42D-368DA335859D}.Release|Any CPU.ActiveCfg = Release|Any CPU
		{B13DEFD0-A90A-406E-A42D-368DA335859D}.Release|Any CPU.Build.0 = Release|Any CPU
		{A6F18A13-961F-417C-8C13-5F2B23E36B26}.Debug|Any CPU.ActiveCfg = Debug|Any CPU
		{A6F18A13-961F-417C-8C13-5F2B23E36B26}.Debug|Any CPU.Build.0 = Debug|Any CPU
		{A6F18A13-961F-417C-8C13-5F2B23E36B26}.Release|Any CPU.ActiveCfg = Release|Any CPU
		{A6F18A13-961F-417C-8C13-5F2B23E36B26}.Release|Any CPU.Build.0 = Release|Any CPU
	EndGlobalSection
	GlobalSection(SolutionProperties) = preSolution
		HideSolutionNode = FALSE
	EndGlobalSection
EndGlobal
